{
  "originHash" : "af597cfbd57101fe118467f7d61c517d2a9c70d1700fd0751d0e2bd8945fee6a",
  "pins" : [
    {
      "identity" : "foundationextensions",
      "kind" : "remoteSourceControl",
      "location" : "https://github.com/ahmed-yamany/FoundationExtensions",
      "state" : {
        "branch" : "main",
        "revision" : "227d4e5340febc2e464be4892fd562c26a7c190b"
      }
    }
  ],
  "version" : 3
}
